
Microsoft Visual Studio Solution File, Format Version 12.00
Project("{FAE04EC0-301F-11D3-BF4B-00C04F79EFBC}") = "6LetterWordChallenge", "6LetterWordChallenge\6LetterWordChallenge.csproj", "{15F610B5-964B-4194-9517-EB0591F87300}"
EndProject
Project("{FAE04EC0-301F-11D3-BF4B-00C04F79EFBC}") = "6LetterWordChallenge.Infrastructure", "6LetterWordChallenge.Infrastructure\6LetterWordChallenge.Infrastructure.csproj", "{17313FAD-9378-4A0C-82A2-D1D5187E1E20}"
EndProject
Project("{FAE04EC0-301F-11D3-BF4B-00C04F79EFBC}") = "6LetterWordChallenge.Domain", "6LetterWordChallenge.Domain\6LetterWordChallenge.Domain.csproj", "{29B2A5C4-09FE-4DBA-812C-4C14BFFDF7FC}"
EndProject
Project("{FAE04EC0-301F-11D3-BF4B-00C04F79EFBC}") = "6LetterWordChallenge.Application", "6LetterWordChallenge.Application\6LetterWordChallenge.Application.csproj", "{50E3B9D6-15F6-4606-9861-4A192E0CC3BE}"
EndProject
Project("{2150E333-8FDC-42A3-9474-1A3956D46DE8}") = "Tests", "Tests", "{E8D8D2EA-06BC-4CEB-B68E-D5E238B398B5}"
EndProject
Project("{FAE04EC0-301F-11D3-BF4B-00C04F79EFBC}") = "6LetterWordChallenge.Integration.Tests", "6LetterWordChallenge.Integration.Tests\6LetterWordChallenge.Integration.Tests.csproj", "{FDB43230-EDBA-4878-9A04-00B92B3E9363}"
EndProject
Project("{FAE04EC0-301F-11D3-BF4B-00C04F79EFBC}") = "6LetterWordChallenge.Unit.Tests", "6LetterWordChallenge.Unit.Tests\6LetterWordChallenge.Unit.Tests.csproj", "{A3E71E1C-FA48-4794-BEC5-B5A9D23BB5E9}"
EndProject
Global
	GlobalSection(SolutionConfigurationPlatforms) = preSolution
		Debug|Any CPU = Debug|Any CPU
		Release|Any CPU = Release|Any CPU
	EndGlobalSection
	GlobalSection(ProjectConfigurationPlatforms) = postSolution
		{15F610B5-964B-4194-9517-EB0591F87300}.Debug|Any CPU.ActiveCfg = Debug|Any CPU
		{15F610B5-964B-4194-9517-EB0591F87300}.Debug|Any CPU.Build.0 = Debug|Any CPU
		{15F610B5-964B-4194-9517-EB0591F87300}.Release|Any CPU.ActiveCfg = Release|Any CPU
		{15F610B5-964B-4194-9517-EB0591F87300}.Release|Any CPU.Build.0 = Release|Any CPU
		{17313FAD-9378-4A0C-82A2-D1D5187E1E20}.Debug|Any CPU.ActiveCfg = Debug|Any CPU
		{17313FAD-9378-4A0C-82A2-D1D5187E1E20}.Debug|Any CPU.Build.0 = Debug|Any CPU
		{17313FAD-9378-4A0C-82A2-D1D5187E1E20}.Release|Any CPU.ActiveCfg = Release|Any CPU
		{17313FAD-9378-4A0C-82A2-D1D5187E1E20}.Release|Any CPU.Build.0 = Release|Any CPU
		{29B2A5C4-09FE-4DBA-812C-4C14BFFDF7FC}.Debug|Any CPU.ActiveCfg = Debug|Any CPU
		{29B2A5C4-09FE-4DBA-812C-4C14BFFDF7FC}.Debug|Any CPU.Build.0 = Debug|Any CPU
		{29B2A5C4-09FE-4DBA-812C-4C14BFFDF7FC}.Release|Any CPU.ActiveCfg = Release|Any CPU
		{29B2A5C4-09FE-4DBA-812C-4C14BFFDF7FC}.Release|Any CPU.Build.0 = Release|Any CPU
		{50E3B9D6-15F6-4606-9861-4A192E0CC3BE}.Debug|Any CPU.ActiveCfg = Debug|Any CPU
		{50E3B9D6-15F6-4606-9861-4A192E0CC3BE}.Debug|Any CPU.Build.0 = Debug|Any CPU
		{50E3B9D6-15F6-4606-9861-4A192E0CC3BE}.Release|Any CPU.ActiveCfg = Release|Any CPU
		{50E3B9D6-15F6-4606-9861-4A192E0CC3BE}.Release|Any CPU.Build.0 = Release|Any CPU
		{FDB43230-EDBA-4878-9A04-00B92B3E9363}.Debug|Any CPU.ActiveCfg = Debug|Any CPU
		{FDB43230-EDBA-4878-9A04-00B92B3E9363}.Debug|Any CPU.Build.0 = Debug|Any CPU
		{FDB43230-EDBA-4878-9A04-00B92B3E9363}.Release|Any CPU.ActiveCfg = Release|Any CPU
		{FDB43230-EDBA-4878-9A04-00B92B3E9363}.Release|Any CPU.Build.0 = Release|Any CPU
		{A3E71E1C-FA48-4794-BEC5-B5A9D23BB5E9}.Debug|Any CPU.ActiveCfg = Debug|Any CPU
		{A3E71E1C-FA48-4794-BEC5-B5A9D23BB5E9}.Debug|Any CPU.Build.0 = Debug|Any CPU
		{A3E71E1C-FA48-4794-BEC5-B5A9D23BB5E9}.Release|Any CPU.ActiveCfg = Release|Any CPU
		{A3E71E1C-FA48-4794-BEC5-B5A9D23BB5E9}.Release|Any CPU.Build.0 = Release|Any CPU
	EndGlobalSection
	GlobalSection(NestedProjects) = preSolution
		{FDB43230-EDBA-4878-9A04-00B92B3E9363} = {E8D8D2EA-06BC-4CEB-B68E-D5E238B398B5}
		{A3E71E1C-FA48-4794-BEC5-B5A9D23BB5E9} = {E8D8D2EA-06BC-4CEB-B68E-D5E238B398B5}
	EndGlobalSection
EndGlobal
